<?xml version="1.0" encoding="UTF-8"?>
<CodeBlocks_project_file>
	<FileVersion major="1" minor="6"/>
	<Project>
		<Option title="rate"/>
		<Option makefile_is_custom="1"/>
		<Option compiler="gcc"/>
		<Option virtualFolders="CMake Files\;CMake Files\..\;CMake Files\..\..\;CMake Files\..\..\..\;CMake Files\..\..\..\..\;CMake Files\..\..\..\..\..\;CMake Files\..\..\..\..\..\..\;CMake Files\..\..\..\..\..\..\home\;CMake Files\..\..\..\..\..\..\home\ilsur\;CMake Files\..\..\..\..\..\..\home\ilsur\Qt5.14.2\;CMake Files\..\..\..\..\..\..\home\ilsur\Qt5.14.2\5.14.2\;CMake Files\..\..\..\..\..\..\home\ilsur\Qt5.14.2\5.14.2\gcc_64\;CMake Files\..\..\..\..\..\..\home\ilsur\Qt5.14.2\5.14.2\gcc_64\lib\;CMake Files\..\..\..\..\..\..\home\ilsur\Qt5.14.2\5.14.2\gcc_64\lib\cmake\;CMake Files\..\..\..\..\..\..\home\ilsur\Qt5.14.2\5.14.2\gcc_64\lib\cmake\Qt5\;CMake Files\..\..\..\..\..\..\home\ilsur\Qt5.14.2\5.14.2\gcc_64\lib\cmake\Qt5Core\;"/>
		<Build>
			<Target title="all">
				<Option working_dir="/media/ilsur/USB DISK/test_IV/executors/rate"/>
				<Option type="4"/>
				<MakeCommands>
					<Build command="/usr/bin/make -j4 -f &quot;/media/ilsur/USB\ DISK/test_IV/executors/rate/Makefile&quot;  VERBOSE=1 all"/>
					<CompileFile command="/usr/bin/make -j4 -f &quot;/media/ilsur/USB\ DISK/test_IV/executors/rate/Makefile&quot;  VERBOSE=1 &quot;$file&quot;"/>
					<Clean command="/usr/bin/make -j4 -f &quot;/media/ilsur/USB\ DISK/test_IV/executors/rate/Makefile&quot;  VERBOSE=1 clean"/>
					<DistClean command="/usr/bin/make -j4 -f &quot;/media/ilsur/USB\ DISK/test_IV/executors/rate/Makefile&quot;  VERBOSE=1 clean"/>
				</MakeCommands>
			</Target>
			<Target title="edit_cache">
				<Option working_dir="/media/ilsur/USB DISK/test_IV/executors/rate"/>
				<Option type="4"/>
				<MakeCommands>
					<Build command="/usr/bin/make -j4 -f &quot;/media/ilsur/USB\ DISK/test_IV/executors/rate/Makefile&quot;  VERBOSE=1 edit_cache"/>
					<CompileFile command="/usr/bin/make -j4 -f &quot;/media/ilsur/USB\ DISK/test_IV/executors/rate/Makefile&quot;  VERBOSE=1 &quot;$file&quot;"/>
					<Clean command="/usr/bin/make -j4 -f &quot;/media/ilsur/USB\ DISK/test_IV/executors/rate/Makefile&quot;  VERBOSE=1 clean"/>
					<DistClean command="/usr/bin/make -j4 -f &quot;/media/ilsur/USB\ DISK/test_IV/executors/rate/Makefile&quot;  VERBOSE=1 clean"/>
				</MakeCommands>
			</Target>
			<Target title="rebuild_cache">
				<Option working_dir="/media/ilsur/USB DISK/test_IV/executors/rate"/>
				<Option type="4"/>
				<MakeCommands>
					<Build command="/usr/bin/make -j4 -f &quot;/media/ilsur/USB\ DISK/test_IV/executors/rate/Makefile&quot;  VERBOSE=1 rebuild_cache"/>
					<CompileFile command="/usr/bin/make -j4 -f &quot;/media/ilsur/USB\ DISK/test_IV/executors/rate/Makefile&quot;  VERBOSE=1 &quot;$file&quot;"/>
					<Clean command="/usr/bin/make -j4 -f &quot;/media/ilsur/USB\ DISK/test_IV/executors/rate/Makefile&quot;  VERBOSE=1 clean"/>
					<DistClean command="/usr/bin/make -j4 -f &quot;/media/ilsur/USB\ DISK/test_IV/executors/rate/Makefile&quot;  VERBOSE=1 clean"/>
				</MakeCommands>
			</Target>
			<Target title="rate">
				<Option output="/media/ilsur/USB DISK/test_IV/executors/rate/librate.so" prefix_auto="0" extension_auto="0"/>
				<Option working_dir="/media/ilsur/USB DISK/test_IV/executors/rate"/>
				<Option object_output="./"/>
				<Option type="3"/>
				<Option compiler="gcc"/>
				<Compiler>
					<Add option="-DRATE_LIBRARY"/>
					<Add option="-DQT_CORE_LIB"/>
					<Add option="-DQT_NO_DEBUG"/>
					<Add directory="/media/ilsur/USB DISK/test_IV/executors/rate/rate_autogen/include"/>
					<Add directory="/media/ilsur/USB DISK/test_IV/executors/rate/../.."/>
					<Add directory="/home/ilsur/Qt5.14.2/5.14.2/gcc_64/include"/>
					<Add directory="/home/ilsur/Qt5.14.2/5.14.2/gcc_64/include/QtCore"/>
					<Add directory="/home/ilsur/Qt5.14.2/5.14.2/gcc_64/./mkspecs/linux-g++"/>
					<Add directory="/usr/include/c++/9"/>
					<Add directory="/usr/include/x86_64-linux-gnu/c++/9"/>
					<Add directory="/usr/include/c++/9/backward"/>
					<Add directory="/usr/lib/gcc/x86_64-linux-gnu/9/include"/>
					<Add directory="/usr/local/include"/>
					<Add directory="/usr/include/x86_64-linux-gnu"/>
					<Add directory="/usr/include"/>
				</Compiler>
				<MakeCommands>
					<Build command="/usr/bin/make -j4 -f &quot;/media/ilsur/USB\ DISK/test_IV/executors/rate/Makefile&quot;  VERBOSE=1 rate"/>
					<CompileFile command="/usr/bin/make -j4 -f &quot;/media/ilsur/USB\ DISK/test_IV/executors/rate/Makefile&quot;  VERBOSE=1 &quot;$file&quot;"/>
					<Clean command="/usr/bin/make -j4 -f &quot;/media/ilsur/USB\ DISK/test_IV/executors/rate/Makefile&quot;  VERBOSE=1 clean"/>
					<DistClean command="/usr/bin/make -j4 -f &quot;/media/ilsur/USB\ DISK/test_IV/executors/rate/Makefile&quot;  VERBOSE=1 clean"/>
				</MakeCommands>
			</Target>
			<Target title="rate/fast">
				<Option output="/media/ilsur/USB DISK/test_IV/executors/rate/librate.so" prefix_auto="0" extension_auto="0"/>
				<Option working_dir="/media/ilsur/USB DISK/test_IV/executors/rate"/>
				<Option object_output="./"/>
				<Option type="3"/>
				<Option compiler="gcc"/>
				<Compiler>
					<Add option="-DRATE_LIBRARY"/>
					<Add option="-DQT_CORE_LIB"/>
					<Add option="-DQT_NO_DEBUG"/>
					<Add directory="/media/ilsur/USB DISK/test_IV/executors/rate/rate_autogen/include"/>
					<Add directory="/media/ilsur/USB DISK/test_IV/executors/rate/../.."/>
					<Add directory="/home/ilsur/Qt5.14.2/5.14.2/gcc_64/include"/>
					<Add directory="/home/ilsur/Qt5.14.2/5.14.2/gcc_64/include/QtCore"/>
					<Add directory="/home/ilsur/Qt5.14.2/5.14.2/gcc_64/./mkspecs/linux-g++"/>
					<Add directory="/usr/include/c++/9"/>
					<Add directory="/usr/include/x86_64-linux-gnu/c++/9"/>
					<Add directory="/usr/include/c++/9/backward"/>
					<Add directory="/usr/lib/gcc/x86_64-linux-gnu/9/include"/>
					<Add directory="/usr/local/include"/>
					<Add directory="/usr/include/x86_64-linux-gnu"/>
					<Add directory="/usr/include"/>
				</Compiler>
				<MakeCommands>
					<Build command="/usr/bin/make -j4 -f &quot;/media/ilsur/USB\ DISK/test_IV/executors/rate/Makefile&quot;  VERBOSE=1 rate/fast"/>
					<CompileFile command="/usr/bin/make -j4 -f &quot;/media/ilsur/USB\ DISK/test_IV/executors/rate/Makefile&quot;  VERBOSE=1 &quot;$file&quot;"/>
					<Clean command="/usr/bin/make -j4 -f &quot;/media/ilsur/USB\ DISK/test_IV/executors/rate/Makefile&quot;  VERBOSE=1 clean"/>
					<DistClean command="/usr/bin/make -j4 -f &quot;/media/ilsur/USB\ DISK/test_IV/executors/rate/Makefile&quot;  VERBOSE=1 clean"/>
				</MakeCommands>
			</Target>
			<Target title="rate_autogen">
				<Option working_dir="/media/ilsur/USB DISK/test_IV/executors/rate"/>
				<Option type="4"/>
				<MakeCommands>
					<Build command="/usr/bin/make -j4 -f &quot;/media/ilsur/USB\ DISK/test_IV/executors/rate/Makefile&quot;  VERBOSE=1 rate_autogen"/>
					<CompileFile command="/usr/bin/make -j4 -f &quot;/media/ilsur/USB\ DISK/test_IV/executors/rate/Makefile&quot;  VERBOSE=1 &quot;$file&quot;"/>
					<Clean command="/usr/bin/make -j4 -f &quot;/media/ilsur/USB\ DISK/test_IV/executors/rate/Makefile&quot;  VERBOSE=1 clean"/>
					<DistClean command="/usr/bin/make -j4 -f &quot;/media/ilsur/USB\ DISK/test_IV/executors/rate/Makefile&quot;  VERBOSE=1 clean"/>
				</MakeCommands>
			</Target>
		</Build>
		<Unit filename="/media/ilsur/USB DISK/test_IV/executors/rate/rate.cpp">
			<Option target="rate"/>
		</Unit>
		<Unit filename="/media/ilsur/USB DISK/test_IV/executors/rate/rate.h">
			<Option target="rate"/>
		</Unit>
		<Unit filename="/media/ilsur/USB DISK/test_IV/executors/rate/rate_autogen/mocs_compilation.cpp">
			<Option target="rate"/>
		</Unit>
		<Unit filename="/media/ilsur/USB DISK/test_IV/executors/rate/rate_global.h">
			<Option target="rate"/>
		</Unit>
		<Unit filename="/media/ilsur/USB DISK/test_IV/executors/rate/CMakeLists.txt">
			<Option virtualFolder="CMake Files\"/>
		</Unit>
		<Unit filename="/media/ilsur/USB DISK/test_IV/executors/rate/../../../../../../home/ilsur/Qt5.14.2/5.14.2/gcc_64/lib/cmake/Qt5/Qt5Config.cmake">
			<Option virtualFolder="CMake Files\..\..\..\..\..\..\home\ilsur\Qt5.14.2\5.14.2\gcc_64\lib\cmake\Qt5\"/>
		</Unit>
		<Unit filename="/media/ilsur/USB DISK/test_IV/executors/rate/../../../../../../home/ilsur/Qt5.14.2/5.14.2/gcc_64/lib/cmake/Qt5/Qt5ConfigVersion.cmake">
			<Option virtualFolder="CMake Files\..\..\..\..\..\..\home\ilsur\Qt5.14.2\5.14.2\gcc_64\lib\cmake\Qt5\"/>
		</Unit>
		<Unit filename="/media/ilsur/USB DISK/test_IV/executors/rate/../../../../../../home/ilsur/Qt5.14.2/5.14.2/gcc_64/lib/cmake/Qt5/Qt5ModuleLocation.cmake">
			<Option virtualFolder="CMake Files\..\..\..\..\..\..\home\ilsur\Qt5.14.2\5.14.2\gcc_64\lib\cmake\Qt5\"/>
		</Unit>
		<Unit filename="/media/ilsur/USB DISK/test_IV/executors/rate/../../../../../../home/ilsur/Qt5.14.2/5.14.2/gcc_64/lib/cmake/Qt5Core/Qt5CoreConfig.cmake">
			<Option virtualFolder="CMake Files\..\..\..\..\..\..\home\ilsur\Qt5.14.2\5.14.2\gcc_64\lib\cmake\Qt5Core\"/>
		</Unit>
		<Unit filename="/media/ilsur/USB DISK/test_IV/executors/rate/../../../../../../home/ilsur/Qt5.14.2/5.14.2/gcc_64/lib/cmake/Qt5Core/Qt5CoreConfigExtras.cmake">
			<Option virtualFolder="CMake Files\..\..\..\..\..\..\home\ilsur\Qt5.14.2\5.14.2\gcc_64\lib\cmake\Qt5Core\"/>
		</Unit>
		<Unit filename="/media/ilsur/USB DISK/test_IV/executors/rate/../../../../../../home/ilsur/Qt5.14.2/5.14.2/gcc_64/lib/cmake/Qt5Core/Qt5CoreConfigExtrasMkspecDir.cmake">
			<Option virtualFolder="CMake Files\..\..\..\..\..\..\home\ilsur\Qt5.14.2\5.14.2\gcc_64\lib\cmake\Qt5Core\"/>
		</Unit>
		<Unit filename="/media/ilsur/USB DISK/test_IV/executors/rate/../../../../../../home/ilsur/Qt5.14.2/5.14.2/gcc_64/lib/cmake/Qt5Core/Qt5CoreConfigVersion.cmake">
			<Option virtualFolder="CMake Files\..\..\..\..\..\..\home\ilsur\Qt5.14.2\5.14.2\gcc_64\lib\cmake\Qt5Core\"/>
		</Unit>
		<Unit filename="/media/ilsur/USB DISK/test_IV/executors/rate/../../../../../../home/ilsur/Qt5.14.2/5.14.2/gcc_64/lib/cmake/Qt5Core/Qt5CoreMacros.cmake">
			<Option virtualFolder="CMake Files\..\..\..\..\..\..\home\ilsur\Qt5.14.2\5.14.2\gcc_64\lib\cmake\Qt5Core\"/>
		</Unit>
	</Project>
</CodeBlocks_project_file>
